PODS:
  - Crashlytics (3.8.5):
    - Fabric (~> 1.6.3)
  - Fabric (1.6.12)
  - Font-Awesome-Swift (1.6.2)
  - TwitterCore (2.8.0):
    - Fabric
  - TwitterKit (2.8.1):
    - TwitterCore (>= 2.8)

DEPENDENCIES:
  - Crashlytics
  - Fabric
  - Font-Awesome-Swift
  - TwitterCore
  - TwitterKit

SPEC CHECKSUMS:
  Crashlytics: dfbae35ef22ca189240d230ad501feea4ee85d2d
  Fabric: f050464eac45a2ce5a8e6e6a07e977c0df32fe28
  Font-Awesome-Swift: 4dc96df73b5f32aaccdee50a454c3ec253ee4977
  TwitterCore: e959987be23c767004d29eb7fab8d85d8585a2e5
  TwitterKit: 3b6044a7320340326a4098f3e37aa1dbaeb94942

PODFILE CHECKSUM: 8e482309e56590f80cee138da0be1081e12e0293

COCOAPODS: 1.2.1
